# THIS IS AN AUTOGENERATED FILE. DO NOT EDIT THIS FILE DIRECTLY.
# yarn lockfile v1


"@types/bun@latest":
  version "1.0.12"
  resolved "https://registry.yarnpkg.com/@types/bun/-/bun-1.0.12.tgz#75ef1728ffe069891271d1a7f5ef5daa95b6d365"
  integrity sha512-qPb5FcygbpSS1NDBjWyQCWeI9kKXwSYSR1Enu7yb+gMXgFwGMhlyOvgV/7FGrdvAjlSXWRY6IDepos7k8WzAtQ==
  dependencies:
    bun-types "1.0.36"

"@types/node@*":
  version "20.12.2"
  resolved "https://registry.yarnpkg.com/@types/node/-/node-20.12.2.tgz#9facdd11102f38b21b4ebedd9d7999663343d72e"
  integrity sha512-zQ0NYO87hyN6Xrclcqp7f8ZbXNbRfoGWNcMvHTPQp9UUrwI0mI7XBz+cu7/W6/VClYo2g63B0cjull/srU7LgQ==
  dependencies:
    undici-types "~5.26.4"

"@types/node@~20.11.3":
  version "20.11.30"
  resolved "https://registry.yarnpkg.com/@types/node/-/node-20.11.30.tgz#9c33467fc23167a347e73834f788f4b9f399d66f"
  integrity sha512-dHM6ZxwlmuZaRmUPfv1p+KrdD1Dci04FbdEm/9wEMouFqxYoFl5aMkt0VMAUtYRQDyYvD41WJLukhq/ha3YuTw==
  dependencies:
    undici-types "~5.26.4"

"@types/ws@~8.5.10":
  version "8.5.10"
  resolved "https://registry.yarnpkg.com/@types/ws/-/ws-8.5.10.tgz#4acfb517970853fa6574a3a6886791d04a396787"
  integrity sha512-vmQSUcfalpIq0R9q7uTo2lXs6eGIpt9wtnLdMv9LVpIjCA/+ufZRozlVoVelIYixx1ugCBKDhn89vnsEGOCx9A==
  dependencies:
    "@types/node" "*"

bun-types@1.0.36:
  version "1.0.36"
  resolved "https://registry.yarnpkg.com/bun-types/-/bun-types-1.0.36.tgz#42c06f60b9abb858239d3a4ffd937ba768bfc825"
  integrity sha512-gaIb1SyhB0JZfIEg73/kSFhqolUqJXC68peguhXGwqr27HuvI8nkD0LTIHp/1DY4cNadfXHYgYrZIWX7oEoXlg==
  dependencies:
    "@types/node" "~20.11.3"
    "@types/ws" "~8.5.10"

undici-types@~5.26.4:
  version "5.26.5"
  resolved "https://registry.yarnpkg.com/undici-types/-/undici-types-5.26.5.tgz#bcd539893d00b56e964fd2657a4866b221a65617"
  integrity sha512-JlCMO+ehdEIKqlFxk6IfVoAUVmgz7cU7zD/h9XZ0qzeosSHmUJVOzSQvvYSYWXkFXC+IfLKSIffhv0sVZup6pA==
